// !$*UTF8*$!
{
	archiveVersion = 1;
	classes = {
	};
	objectVersion = 46;
	objects = {

/* Begin PBXBuildFile section */
		01733E951DC4D3910093B6FF /* TapViewInfo.swift in Sources */ = {isa = PBXBuildFile; fileRef = 01733E941DC4D3910093B6FF /* TapViewInfo.swift */; };
		01F46E5D1DBCB73100893E47 /* AppDelegate.swift in Sources */ = {isa = PBXBuildFile; fileRef = 01F46E5C1DBCB73100893E47 /* AppDelegate.swift */; };
		01F46E5F1DBCB73100893E47 /* ViewController.swift in Sources */ = {isa = PBXBuildFile; fileRef = 01F46E5E1DBCB73100893E47 /* ViewController.swift */; };
		01F46E621DBCB73100893E47 /* Main.storyboard in Resources */ = {isa = PBXBuildFile; fileRef = 01F46E601DBCB73100893E47 /* Main.storyboard */; };
		01F46E641DBCB73100893E47 /* Assets.xcassets in Resources */ = {isa = PBXBuildFile; fileRef = 01F46E631DBCB73100893E47 /* Assets.xcassets */; };
		01F46E671DBCB73100893E47 /* LaunchScreen.storyboard in Resources */ = {isa = PBXBuildFile; fileRef = 01F46E651DBCB73100893E47 /* LaunchScreen.storyboard */; };
		01F46E721DBCB73200893E47 /* gesturesTests.swift in Sources */ = {isa = PBXBuildFile; fileRef = 01F46E711DBCB73200893E47 /* gesturesTests.swift */; };
		01F46E7D1DBCB73200893E47 /* gesturesUITests.swift in Sources */ = {isa = PBXBuildFile; fileRef = 01F46E7C1DBCB73200893E47 /* gesturesUITests.swift */; };
/* End PBXBuildFile section */

/* Begin PBXContainerItemProxy section */
		01F46E6E1DBCB73200893E47 /* PBXContainerItemProxy */ = {
			isa = PBXContainerItemProxy;
			containerPortal = 01F46E511DBCB73100893E47 /* Project object */;
			proxyType = 1;
			remoteGlobalIDString = 01F46E581DBCB73100893E47;
			remoteInfo = gestures;
		};
		01F46E791DBCB73200893E47 /* PBXContainerItemProxy */ = {
			isa = PBXContainerItemProxy;
			containerPortal = 01F46E511DBCB73100893E47 /* Project object */;
			proxyType = 1;
			remoteGlobalIDString = 01F46E581DBCB73100893E47;
			remoteInfo = gestures;
		};
/* End PBXContainerItemProxy section */

/* Begin PBXFileReference section */
		01733E941DC4D3910093B6FF /* TapViewInfo.swift */ = {isa = PBXFileReference; fileEncoding = 4; lastKnownFileType = sourcecode.swift; path = TapViewInfo.swift; sourceTree = "<group>"; };
		01F46E591DBCB73100893E47 /* gestures.app */ = {isa = PBXFileReference; explicitFileType = wrapper.application; includeInIndex = 0; path = gestures.app; sourceTree = BUILT_PRODUCTS_DIR; };
		01F46E5C1DBCB73100893E47 /* AppDelegate.swift */ = {isa = PBXFileReference; lastKnownFileType = sourcecode.swift; path = AppDelegate.swift; sourceTree = "<group>"; };
		01F46E5E1DBCB73100893E47 /* ViewController.swift */ = {isa = PBXFileReference; lastKnownFileType = sourcecode.swift; path = ViewController.swift; sourceTree = "<group>"; };
		01F46E611DBCB73100893E47 /* Base */ = {isa = PBXFileReference; lastKnownFileType = file.storyboard; name = Base; path = Base.lproj/Main.storyboard; sourceTree = "<group>"; };
		01F46E631DBCB73100893E47 /* Assets.xcassets */ = {isa = PBXFileReference; lastKnownFileType = folder.assetcatalog; path = Assets.xcassets; sourceTree = "<group>"; };
		01F46E661DBCB73100893E47 /* Base */ = {isa = PBXFileReference; lastKnownFileType = file.storyboard; name = Base; path = Base.lproj/LaunchScreen.storyboard; sourceTree = "<group>"; };
		01F46E681DBCB73100893E47 /* Info.plist */ = {isa = PBXFileReference; lastKnownFileType = text.plist.xml; path = Info.plist; sourceTree = "<group>"; };
		01F46E6D1DBCB73200893E47 /* gesturesTests.xctest */ = {isa = PBXFileReference; explicitFileType = wrapper.cfbundle; includeInIndex = 0; path = gesturesTests.xctest; sourceTree = BUILT_PRODUCTS_DIR; };
		01F46E711DBCB73200893E47 /* gesturesTests.swift */ = {isa = PBXFileReference; lastKnownFileType = sourcecode.swift; path = gesturesTests.swift; sourceTree = "<group>"; };
		01F46E731DBCB73200893E47 /* Info.plist */ = {isa = PBXFileReference; lastKnownFileType = text.plist.xml; path = Info.plist; sourceTree = "<group>"; };
		01F46E781DBCB73200893E47 /* gesturesUITests.xctest */ = {isa = PBXFileReference; explicitFileType = wrapper.cfbundle; includeInIndex = 0; path = gesturesUITests.xctest; sourceTree = BUILT_PRODUCTS_DIR; };
		01F46E7C1DBCB73200893E47 /* gesturesUITests.swift */ = {isa = PBXFileReference; lastKnownFileType = sourcecode.swift; path = gesturesUITests.swift; sourceTree = "<group>"; };
		01F46E7E1DBCB73200893E47 /* Info.plist */ = {isa = PBXFileReference; lastKnownFileType = text.plist.xml; path = Info.plist; sourceTree = "<group>"; };
/* End PBXFileReference section */

/* Begin PBXFrameworksBuildPhase section */
		01F46E561DBCB73100893E47 /* Frameworks */ = {
			isa = PBXFrameworksBuildPhase;
			buildActionMask = 2147483647;
			files = (
			);
			runOnlyForDeploymentPostprocessing = 0;
		};
		01F46E6A1DBCB73200893E47 /* Frameworks */ = {
			isa = PBXFrameworksBuildPhase;
			buildActionMask = 2147483647;
			files = (
			);
			runOnlyForDeploymentPostprocessing = 0;
		};
		01F46E751DBCB73200893E47 /* Frameworks */ = {
			isa = PBXFrameworksBuildPhase;
			buildActionMask = 2147483647;
			files = (
			);
			runOnlyForDeploymentPostprocessing = 0;
		};
/* End PBXFrameworksBuildPhase section */

/* Begin PBXGroup section */
		01F46E501DBCB73100893E47 = {
			isa = PBXGroup;
			children = (
				01F46E5B1DBCB73100893E47 /* gestures */,
				01F46E701DBCB73200893E47 /* gesturesTests */,
				01F46E7B1DBCB73200893E47 /* gesturesUITests */,
				01F46E5A1DBCB73100893E47 /* Products */,
			);
			sourceTree = "<group>";
		};
		01F46E5A1DBCB73100893E47 /* Products */ = {
			isa = PBXGroup;
			children = (
				01F46E591DBCB73100893E47 /* gestures.app */,
				01F46E6D1DBCB73200893E47 /* gesturesTests.xctest */,
				01F46E781DBCB73200893E47 /* gesturesUITests.xctest */,
			);
			name = Products;
			sourceTree = "<group>";
		};
		01F46E5B1DBCB73100893E47 /* gestures */ = {
			isa = PBXGroup;
			children = (
				01F46E5C1DBCB73100893E47 /* AppDelegate.swift */,
				01F46E5E1DBCB73100893E47 /* ViewController.swift */,
				01F46E601DBCB73100893E47 /* Main.storyboard */,
				01F46E631DBCB73100893E47 /* Assets.xcassets */,
				01F46E651DBCB73100893E47 /* LaunchScreen.storyboard */,
				01F46E681DBCB73100893E47 /* Info.plist */,
				01733E941DC4D3910093B6FF /* TapViewInfo.swift */,
			);
			path = gestures;
			sourceTree = "<group>";
		};
		01F46E701DBCB73200893E47 /* gesturesTests */ = {
			isa = PBXGroup;
			children = (
				01F46E711DBCB73200893E47 /* gesturesTests.swift */,
				01F46E731DBCB73200893E47 /* Info.plist */,
			);
			path = gesturesTests;
			sourceTree = "<group>";
		};
		01F46E7B1DBCB73200893E47 /* gesturesUITests */ = {
			isa = PBXGroup;
			children = (
				01F46E7C1DBCB73200893E47 /* gesturesUITests.swift */,
				01F46E7E1DBCB73200893E47 /* Info.plist */,
			);
			path = gesturesUITests;
			sourceTree = "<group>";
		};
/* End PBXGroup section */

/* Begin PBXNativeTarget section */
		01F46E581DBCB73100893E47 /* gestures */ = {
			isa = PBXNativeTarget;
			buildConfigurationList = 01F46E811DBCB73200893E47 /* Build configuration list for PBXNativeTarget "gestures" */;
			buildPhases = (
				01F46E551DBCB73100893E47 /* Sources */,
				01F46E561DBCB73100893E47 /* Frameworks */,
				01F46E571DBCB73100893E47 /* Resources */,
			);
			buildRules = (
			);
			dependencies = (
			);
			name = gestures;
			productName = gestures;
			productReference = 01F46E591DBCB73100893E47 /* gestures.app */;
			productType = "com.apple.product-type.application";
		};
		01F46E6C1DBCB73200893E47 /* gesturesTests */ = {
			isa = PBXNativeTarget;
			buildConfigurationList = 01F46E841DBCB73200893E47 /* Build configuration list for PBXNativeTarget "gesturesTests" */;
			buildPhases = (
				01F46E691DBCB73200893E47 /* Sources */,
				01F46E6A1DBCB73200893E47 /* Frameworks */,
				01F46E6B1DBCB73200893E47 /* Resources */,
			);
			buildRules = (
			);
			dependencies = (
				01F46E6F1DBCB73200893E47 /* PBXTargetDependency */,
			);
			name = gesturesTests;
			productName = gesturesTests;
			productReference = 01F46E6D1DBCB73200893E47 /* gesturesTests.xctest */;
			productType = "com.apple.product-type.bundle.unit-test";
		};
		01F46E771DBCB73200893E47 /* gesturesUITests */ = {
			isa = PBXNativeTarget;
			buildConfigurationList = 01F46E871DBCB73200893E47 /* Build configuration list for PBXNativeTarget "gesturesUITests" */;
			buildPhases = (
				01F46E741DBCB73200893E47 /* Sources */,
				01F46E751DBCB73200893E47 /* Frameworks */,
				01F46E761DBCB73200893E47 /* Resources */,
			);
			buildRules = (
			);
			dependencies = (
				01F46E7A1DBCB73200893E47 /* PBXTargetDependency */,
			);
			name = gesturesUITests;
			productName = gesturesUITests;
			productReference = 01F46E781DBCB73200893E47 /* gesturesUITests.xctest */;
			productType = "com.apple.product-type.bundle.ui-testing";
		};
/* End PBXNativeTarget section */

/* Begin PBXProject section */
		01F46E511DBCB73100893E47 /* Project object */ = {
			isa = PBXProject;
			attributes = {
				LastSwiftUpdateCheck = 0800;
				LastUpgradeCheck = 0800;
				ORGANIZATIONNAME = "W.S. van Arkel jr.";
				TargetAttributes = {
					01F46E581DBCB73100893E47 = {
						CreatedOnToolsVersion = 8.0;
						ProvisioningStyle = Automatic;
					};
					01F46E6C1DBCB73200893E47 = {
						CreatedOnToolsVersion = 8.0;
						ProvisioningStyle = Automatic;
						TestTargetID = 01F46E581DBCB73100893E47;
					};
					01F46E771DBCB73200893E47 = {
						CreatedOnToolsVersion = 8.0;
						ProvisioningStyle = Automatic;
						TestTargetID = 01F46E581DBCB73100893E47;
					};
				};
			};
			buildConfigurationList = 01F46E541DBCB73100893E47 /* Build configuration list for PBXProject "gestures" */;
			compatibilityVersion = "Xcode 3.2";
			developmentRegion = English;
			hasScannedForEncodings = 0;
			knownRegions = (
				en,
				Base,
			);
			mainGroup = 01F46E501DBCB73100893E47;
			productRefGroup = 01F46E5A1DBCB73100893E47 /* Products */;
			projectDirPath = "";
			projectRoot = "";
			targets = (
				01F46E581DBCB73100893E47 /* gestures */,
				01F46E6C1DBCB73200893E47 /* gesturesTests */,
				01F46E771DBCB73200893E47 /* gesturesUITests */,
			);
		};
/* End PBXProject section */

/* Begin PBXResourcesBuildPhase section */
		01F46E571DBCB73100893E47 /* Resources */ = {
			isa = PBXResourcesBuildPhase;
			buildActionMask = 2147483647;
			files = (
				01F46E671DBCB73100893E47 /* LaunchScreen.storyboard in Resources */,
				01F46E641DBCB73100893E47 /* Assets.xcassets in Resources */,
				01F46E621DBCB73100893E47 /* Main.storyboard in Resources */,
			);
			runOnlyForDeploymentPostprocessing = 0;
		};
		01F46E6B1DBCB73200893E47 /* Resources */ = {
			isa = PBXResourcesBuildPhase;
			buildActionMask = 2147483647;
			files = (
			);
			runOnlyForDeploymentPostprocessing = 0;
		};
		01F46E761DBCB73200893E47 /* Resources */ = {
			isa = PBXResourcesBuildPhase;
			buildActionMask = 2147483647;
			files = (
			);
			runOnlyForDeploymentPostprocessing = 0;
		};
/* End PBXResourcesBuildPhase section */

/* Begin PBXSourcesBuildPhase section */
		01F46E551DBCB73100893E47 /* Sources */ = {
			isa = PBXSourcesBuildPhase;
			buildActionMask = 2147483647;
			files = (
				01733E951DC4D3910093B6FF /* TapViewInfo.swift in Sources */,
				01F46E5F1DBCB73100893E47 /* ViewController.swift in Sources */,
				01F46E5D1DBCB73100893E47 /* AppDelegate.swift in Sources */,
			);
			runOnlyForDeploymentPostprocessing = 0;
		};
		01F46E691DBCB73200893E47 /* Sources */ = {
			isa = PBXSourcesBuildPhase;
			buildActionMask = 2147483647;
			files = (
				01F46E721DBCB73200893E47 /* gesturesTests.swift in Sources */,
			);
			runOnlyForDeploymentPostprocessing = 0;
		};
		01F46E741DBCB73200893E47 /* Sources */ = {
			isa = PBXSourcesBuildPhase;
			buildActionMask = 2147483647;
			files = (
				01F46E7D1DBCB73200893E47 /* gesturesUITests.swift in Sources */,
			);
			runOnlyForDeploymentPostprocessing = 0;
		};
/* End PBXSourcesBuildPhase section */

/* Begin PBXTargetDependency section */
		01F46E6F1DBCB73200893E47 /* PBXTargetDependency */ = {
			isa = PBXTargetDependency;
			target = 01F46E581DBCB73100893E47 /* gestures */;
			targetProxy = 01F46E6E1DBCB73200893E47 /* PBXContainerItemProxy */;
		};
		01F46E7A1DBCB73200893E47 /* PBXTargetDependency */ = {
			isa = PBXTargetDependency;
			target = 01F46E581DBCB73100893E47 /* gestures */;
			targetProxy = 01F46E791DBCB73200893E47 /* PBXContainerItemProxy */;
		};
/* End PBXTargetDependency section */

/* Begin PBXVariantGroup section */
		01F46E601DBCB73100893E47 /* Main.storyboard */ = {
			isa = PBXVariantGroup;
			children = (
				01F46E611DBCB73100893E47 /* Base */,
			);
			name = Main.storyboard;
			sourceTree = "<group>";
		};
		01F46E651DBCB73100893E47 /* LaunchScreen.storyboard */ = {
			isa = PBXVariantGroup;
			children = (
				01F46E661DBCB73100893E47 /* Base */,
			);
			name = LaunchScreen.storyboard;
			sourceTree = "<group>";
		};
/* End PBXVariantGroup section */

/* Begin XCBuildConfiguration section */
		01F46E7F1DBCB73200893E47 /* Debug */ = {
			isa = XCBuildConfiguration;
			buildSettings = {
				ALWAYS_SEARCH_USER_PATHS = NO;
				CLANG_ANALYZER_NONNULL = YES;
				CLANG_CXX_LANGUAGE_STANDARD = "gnu++0x";
				CLANG_CXX_LIBRARY = "libc++";
				CLANG_ENABLE_MODULES = YES;
				CLANG_ENABLE_OBJC_ARC = YES;
				CLANG_WARN_BOOL_CONVERSION = YES;
				CLANG_WARN_CONSTANT_CONVERSION = YES;
				CLANG_WARN_DIRECT_OBJC_ISA_USAGE = YES_ERROR;
				CLANG_WARN_DOCUMENTATION_COMMENTS = YES;
				CLANG_WARN_EMPTY_BODY = YES;
				CLANG_WARN_ENUM_CONVERSION = YES;
				CLANG_WARN_INFINITE_RECURSION = YES;
				CLANG_WARN_INT_CONVERSION = YES;
				CLANG_WARN_OBJC_ROOT_CLASS = YES_ERROR;
				CLANG_WARN_SUSPICIOUS_MOVES = YES;
				CLANG_WARN_UNREACHABLE_CODE = YES;
				CLANG_WARN__DUPLICATE_METHOD_MATCH = YES;
				"CODE_SIGN_IDENTITY[sdk=iphoneos*]" = "iPhone Developer";
				COPY_PHASE_STRIP = NO;
				DEBUG_INFORMATION_FORMAT = dwarf;
				ENABLE_STRICT_OBJC_MSGSEND = YES;
				ENABLE_TESTABILITY = YES;
				GCC_C_LANGUAGE_STANDARD = gnu99;
				GCC_DYNAMIC_NO_PIC = NO;
				GCC_NO_COMMON_BLOCKS = YES;
				GCC_OPTIMIZATION_LEVEL = 0;
				GCC_PREPROCESSOR_DEFINITIONS = (
					"DEBUG=1",
					"$(inherited)",
				);
				GCC_WARN_64_TO_32_BIT_CONVERSION = YES;
				GCC_WARN_ABOUT_RETURN_TYPE = YES_ERROR;
				GCC_WARN_UNDECLARED_SELECTOR = YES;
				GCC_WARN_UNINITIALIZED_AUTOS = YES_AGGRESSIVE;
				GCC_WARN_UNUSED_FUNCTION = YES;
				GCC_WARN_UNUSED_VARIABLE = YES;
				IPHONEOS_DEPLOYMENT_TARGET = 10.0;
				MTL_ENABLE_DEBUG_INFO = YES;
				ONLY_ACTIVE_ARCH = YES;
				SDKROOT = iphoneos;
				SWIFT_ACTIVE_COMPILATION_CONDITIONS = DEBUG;
				SWIFT_OPTIMIZATION_LEVEL = "-Onone";
			};
			name = Debug;
		};
		01F46E801DBCB73200893E47 /* Release */ = {
			isa = XCBuildConfiguration;
			buildSettings = {
				ALWAYS_SEARCH_USER_PATHS = NO;
				CLANG_ANALYZER_NONNULL = YES;
				CLANG_CXX_LANGUAGE_STANDARD = "gnu++0x";
				CLANG_CXX_LIBRARY = "libc++";
				CLANG_ENABLE_MODULES = YES;
				CLANG_ENABLE_OBJC_ARC = YES;
				CLANG_WARN_BOOL_CONVERSION = YES;
				CLANG_WARN_CONSTANT_CONVERSION = YES;
				CLANG_WARN_DIRECT_OBJC_ISA_USAGE = YES_ERROR;
				CLANG_WARN_DOCUMENTATION_COMMENTS = YES;
				CLANG_WARN_EMPTY_BODY = YES;
				CLANG_WARN_ENUM_CONVERSION = YES;
				CLANG_WARN_INFINITE_RECURSION = YES;
				CLANG_WARN_INT_CONVERSION = YES;
				CLANG_WARN_OBJC_ROOT_CLASS = YES_ERROR;
				CLANG_WARN_SUSPICIOUS_MOVES = YES;
				CLANG_WARN_UNREACHABLE_CODE = YES;
				CLANG_WARN__DUPLICATE_METHOD_MATCH = YES;
				"CODE_SIGN_IDENTITY[sdk=iphoneos*]" = "iPhone Developer";
				COPY_PHASE_STRIP = NO;
				DEBUG_INFORMATION_FORMAT = "dwarf-with-dsym";
				ENABLE_NS_ASSERTIONS = NO;
				ENABLE_STRICT_OBJC_MSGSEND = YES;
				GCC_C_LANGUAGE_STANDARD = gnu99;
				GCC_NO_COMMON_BLOCKS = YES;
				GCC_WARN_64_TO_32_BIT_CONVERSION = YES;
				GCC_WARN_ABOUT_RETURN_TYPE = YES_ERROR;
				GCC_WARN_UNDECLARED_SELECTOR = YES;
				GCC_WARN_UNINITIALIZED_AUTOS = YES_AGGRESSIVE;
				GCC_WARN_UNUSED_FUNCTION = YES;
				GCC_WARN_UNUSED_VARIABLE = YES;
				IPHONEOS_DEPLOYMENT_TARGET = 10.0;
				MTL_ENABLE_DEBUG_INFO = NO;
				SDKROOT = iphoneos;
				SWIFT_OPTIMIZATION_LEVEL = "-Owholemodule";
				VALIDATE_PRODUCT = YES;
			};
			name = Release;
		};
		01F46E821DBCB73200893E47 /* Debug */ = {
			isa = XCBuildConfiguration;
			buildSettings = {
				ASSETCATALOG_COMPILER_APPICON_NAME = AppIcon;
				INFOPLIST_FILE = gestures/Info.plist;
				LD_RUNPATH_SEARCH_PATHS = "$(inherited) @executable_path/Frameworks";
				PRODUCT_BUNDLE_IDENTIFIER = com.warcom.gestures;
				PRODUCT_NAME = "$(TARGET_NAME)";
				SWIFT_VERSION = 3.0;
			};
			name = Debug;
		};
		01F46E831DBCB73200893E47 /* Release */ = {
			isa = XCBuildConfiguration;
			buildSettings = {
				ASSETCATALOG_COMPILER_APPICON_NAME = AppIcon;
				INFOPLIST_FILE = gestures/Info.plist;
				LD_RUNPATH_SEARCH_PATHS = "$(inherited) @executable_path/Frameworks";
				PRODUCT_BUNDLE_IDENTIFIER = com.warcom.gestures;
				PRODUCT_NAME = "$(TARGET_NAME)";
				SWIFT_VERSION = 3.0;
			};
			name = Release;
		};
		01F46E851DBCB73200893E47 /* Debug */ = {
			isa = XCBuildConfiguration;
			buildSettings = {
				ALWAYS_EMBED_SWIFT_STANDARD_LIBRARIES = YES;
				BUNDLE_LOADER = "$(TEST_HOST)";
				INFOPLIST_FILE = gesturesTests/Info.plist;
				LD_RUNPATH_SEARCH_PATHS = "$(inherited) @executable_path/Frameworks @loader_path/Frameworks";
				PRODUCT_BUNDLE_IDENTIFIER = com.warcom.gesturesTests;
				PRODUCT_NAME = "$(TARGET_NAME)";
				SWIFT_VERSION = 3.0;
				TEST_HOST = "$(BUILT_PRODUCTS_DIR)/gestures.app/gestures";
			};
			name = Debug;
		};
		01F46E861DBCB73200893E47 /* Release */ = {
			isa = XCBuildConfiguration;
			buildSettings = {
				ALWAYS_EMBED_SWIFT_STANDARD_LIBRARIES = YES;
				BUNDLE_LOADER = "$(TEST_HOST)";
				INFOPLIST_FILE = gesturesTests/Info.plist;
				LD_RUNPATH_SEARCH_PATHS = "$(inherited) @executable_path/Frameworks @loader_path/Frameworks";
				PRODUCT_BUNDLE_IDENTIFIER = com.warcom.gesturesTests;
				PRODUCT_NAME = "$(TARGET_NAME)";
				SWIFT_VERSION = 3.0;
				TEST_HOST = "$(BUILT_PRODUCTS_DIR)/gestures.app/gestures";
			};
			name = Release;
		};
		01F46E881DBCB73200893E47 /* Debug */ = {
			isa = XCBuildConfiguration;
			buildSettings = {
				ALWAYS_EMBED_SWIFT_STANDARD_LIBRARIES = YES;
				INFOPLIST_FILE = gesturesUITests/Info.plist;
				LD_RUNPATH_SEARCH_PATHS = "$(inherited) @executable_path/Frameworks @loader_path/Frameworks";
				PRODUCT_BUNDLE_IDENTIFIER = com.warcom.gesturesUITests;
				PRODUCT_NAME = "$(TARGET_NAME)";
				SWIFT_VERSION = 3.0;
				TEST_TARGET_NAME = gestures;
			};
			name = Debug;
		};
		01F46E891DBCB73200893E47 /* Release */ = {
			isa = XCBuildConfiguration;
			buildSettings = {
				ALWAYS_EMBED_SWIFT_STANDARD_LIBRARIES = YES;
				INFOPLIST_FILE = gesturesUITests/Info.plist;
				LD_RUNPATH_SEARCH_PATHS = "$(inherited) @executable_path/Frameworks @loader_path/Frameworks";
				PRODUCT_BUNDLE_IDENTIFIER = com.warcom.gesturesUITests;
				PRODUCT_NAME = "$(TARGET_NAME)";
				SWIFT_VERSION = 3.0;
				TEST_TARGET_NAME = gestures;
			};
			name = Release;
		};
/* End XCBuildConfiguration section */

/* Begin XCConfigurationList section */
		01F46E541DBCB73100893E47 /* Build configuration list for PBXProject "gestures" */ = {
			isa = XCConfigurationList;
			buildConfigurations = (
				01F46E7F1DBCB73200893E47 /* Debug */,
				01F46E801DBCB73200893E47 /* Release */,
			);
			defaultConfigurationIsVisible = 0;
			defaultConfigurationName = Release;
		};
		01F46E811DBCB73200893E47 /* Build configuration list for PBXNativeTarget "gestures" */ = {
			isa = XCConfigurationList;
			buildConfigurations = (
				01F46E821DBCB73200893E47 /* Debug */,
				01F46E831DBCB73200893E47 /* Release */,
			);
			defaultConfigurationIsVisible = 0;
			defaultConfigurationName = Release;
		};
		01F46E841DBCB73200893E47 /* Build configuration list for PBXNativeTarget "gesturesTests" */ = {
			isa = XCConfigurationList;
			buildConfigurations = (
				01F46E851DBCB73200893E47 /* Debug */,
				01F46E861DBCB73200893E47 /* Release */,
			);
			defaultConfigurationIsVisible = 0;
			defaultConfigurationName = Release;
		};
		01F46E871DBCB73200893E47 /* Build configuration list for PBXNativeTarget "gesturesUITests" */ = {
			isa = XCConfigurationList;
			buildConfigurations = (
				01F46E881DBCB73200893E47 /* Debug */,
				01F46E891DBCB73200893E47 /* Release */,
			);
			defaultConfigurationIsVisible = 0;
			defaultConfigurationName = Release;
		};
/* End XCConfigurationList section */
	};
	rootObject = 01F46E511DBCB73100893E47 /* Project object */;
}
